
Microsoft Visual Studio Solution File, Format Version 12.00
# Visual Studio Version 17
VisualStudioVersion = 17.0.32126.317
MinimumVisualStudioVersion = 10.0.40219.1
Project("{FAE04EC0-301F-11D3-BF4B-00C04F79EFBC}") = "ProsimDeli", "ProsimDeli\ProsimDeli.csproj", "{1C7EEF5F-D72F-41EF-AD75-E74E472CAE23}"
EndProject
Global
	GlobalSection(SolutionConfigurationPlatforms) = preSolution
		Debug|Any CPU = Debug|Any CPU
		Release|Any CPU = Release|Any CPU
	EndGlobalSection
	GlobalSection(ProjectConfigurationPlatforms) = postSolution
		{1C7EEF5F-D72F-41EF-AD75-E74E472CAE23}.Debug|Any CPU.ActiveCfg = Debug|Any CPU
		{1C7EEF5F-D72F-41EF-AD75-E74E472CAE23}.Debug|Any CPU.Build.0 = Debug|Any CPU
		{1C7EEF5F-D72F-41EF-AD75-E74E472CAE23}.Release|Any CPU.ActiveCfg = Release|Any CPU
		{1C7EEF5F-D72F-41EF-AD75-E74E472CAE23}.Release|Any CPU.Build.0 = Release|Any CPU
	EndGlobalSection
	GlobalSection(SolutionProperties) = preSolution
		HideSolutionNode = FALSE
	EndGlobalSection
	GlobalSection(ExtensibilityGlobals) = postSolution
		SolutionGuid = {1EAAC4AB-1A34-4088-8FDD-A142DFED9245}
	EndGlobalSection
EndGlobal
